
Microsoft Visual Studio Solution File, Format Version 12.00
# Visual Studio Version 17
VisualStudioVersion = 17.0.31903.59
MinimumVisualStudioVersion = 10.0.40219.1
Project("{FAE04EC0-301F-11D3-BF4B-00C04F79EFBC}") = "MiniTaskHub.Api", "MiniTaskHub.Api\MiniTaskHub.Api.csproj", "{314963FC-DF5A-470C-8525-300A404AE793}"
EndProject
Project("{FAE04EC0-301F-11D3-BF4B-00C04F79EFBC}") = "MiniTaskHub.Tests", "MiniTaskHub.Tests\MiniTaskHub.Tests.csproj", "{5D12031A-2147-43F1-8EE7-A7A95113DBB2}"
EndProject
Project("{FAE04EC0-301F-11D3-BF4B-00C04F79EFBC}") = "MiniTaskHub.Core", "MiniTaskHub.Core\MiniTaskHub.Core.csproj", "{DF799C2F-FD1C-4E69-89B5-54BBDA009546}"
EndProject
Project("{FAE04EC0-301F-11D3-BF4B-00C04F79EFBC}") = "MiniTaskHub.Infrastructure", "MiniTaskHub.Infrastructure\MiniTaskHub.Infrastructure.csproj", "{E43257D2-88ED-4154-B4C3-AE3A94AE3B9D}"
EndProject
Global
	GlobalSection(SolutionConfigurationPlatforms) = preSolution
		Debug|Any CPU = Debug|Any CPU
		Release|Any CPU = Release|Any CPU
	EndGlobalSection
	GlobalSection(SolutionProperties) = preSolution
		HideSolutionNode = FALSE
	EndGlobalSection
	GlobalSection(ProjectConfigurationPlatforms) = postSolution
		{314963FC-DF5A-470C-8525-300A404AE793}.Debug|Any CPU.ActiveCfg = Debug|Any CPU
		{314963FC-DF5A-470C-8525-300A404AE793}.Debug|Any CPU.Build.0 = Debug|Any CPU
		{314963FC-DF5A-470C-8525-300A404AE793}.Release|Any CPU.ActiveCfg = Release|Any CPU
		{314963FC-DF5A-470C-8525-300A404AE793}.Release|Any CPU.Build.0 = Release|Any CPU
		{5D12031A-2147-43F1-8EE7-A7A95113DBB2}.Debug|Any CPU.ActiveCfg = Debug|Any CPU
		{5D12031A-2147-43F1-8EE7-A7A95113DBB2}.Debug|Any CPU.Build.0 = Debug|Any CPU
		{5D12031A-2147-43F1-8EE7-A7A95113DBB2}.Release|Any CPU.ActiveCfg = Release|Any CPU
		{5D12031A-2147-43F1-8EE7-A7A95113DBB2}.Release|Any CPU.Build.0 = Release|Any CPU
		{DF799C2F-FD1C-4E69-89B5-54BBDA009546}.Debug|Any CPU.ActiveCfg = Debug|Any CPU
		{DF799C2F-FD1C-4E69-89B5-54BBDA009546}.Debug|Any CPU.Build.0 = Debug|Any CPU
		{DF799C2F-FD1C-4E69-89B5-54BBDA009546}.Release|Any CPU.ActiveCfg = Release|Any CPU
		{DF799C2F-FD1C-4E69-89B5-54BBDA009546}.Release|Any CPU.Build.0 = Release|Any CPU
		{E43257D2-88ED-4154-B4C3-AE3A94AE3B9D}.Debug|Any CPU.ActiveCfg = Debug|Any CPU
		{E43257D2-88ED-4154-B4C3-AE3A94AE3B9D}.Debug|Any CPU.Build.0 = Debug|Any CPU
		{E43257D2-88ED-4154-B4C3-AE3A94AE3B9D}.Release|Any CPU.ActiveCfg = Release|Any CPU
		{E43257D2-88ED-4154-B4C3-AE3A94AE3B9D}.Release|Any CPU.Build.0 = Release|Any CPU
	EndGlobalSection
EndGlobal
